// !$*UTF8*$!
{
	archiveVersion = 1;
	classes = {
	};
	objectVersion = 46;
	objects = {

/* Begin PBXBuildFile section */
		18700D5D1F09ED4100F51FB4 /* main.m in Sources */ = {isa = PBXBuildFile; fileRef = 18700D5C1F09ED4100F51FB4 /* main.m */; };
		18700D661F09ED4100F51FB4 /* Main.storyboard in Resources */ = {isa = PBXBuildFile; fileRef = 18700D641F09ED4100F51FB4 /* Main.storyboard */; };
		18700D681F09ED4100F51FB4 /* Assets.xcassets in Resources */ = {isa = PBXBuildFile; fileRef = 18700D671F09ED4100F51FB4 /* Assets.xcassets */; };
		18700D6B1F09ED4100F51FB4 /* LaunchScreen.storyboard in Resources */ = {isa = PBXBuildFile; fileRef = 18700D691F09ED4100F51FB4 /* LaunchScreen.storyboard */; };
		18700D761F09ED4100F51FB4 /* UITableViewLInkageDemoUITests.m in Sources */ = {isa = PBXBuildFile; fileRef = 18700D751F09ED4100F51FB4 /* UITableViewLInkageDemoUITests.m */; };
		18700D941F0A18A300F51FB4 /* ViewController.m in Sources */ = {isa = PBXBuildFile; fileRef = 18700D841F0A18A300F51FB4 /* ViewController.m */; };
		18700D951F0A18A300F51FB4 /* AppDelegate.m in Sources */ = {isa = PBXBuildFile; fileRef = 18700D881F0A18A300F51FB4 /* AppDelegate.m */; };
		18700D961F0A18A300F51FB4 /* CompareCell.m in Sources */ = {isa = PBXBuildFile; fileRef = 18700D8C1F0A18A300F51FB4 /* CompareCell.m */; };
		18700D981F0A18A300F51FB4 /* CompareHeaderView.m in Sources */ = {isa = PBXBuildFile; fileRef = 18700D8F1F0A18A300F51FB4 /* CompareHeaderView.m */; };
		18700D991F0A18A300F51FB4 /* CompareHeaderView.xib in Resources */ = {isa = PBXBuildFile; fileRef = 18700D901F0A18A300F51FB4 /* CompareHeaderView.xib */; };
		18700D9A1F0A18A300F51FB4 /* ConfigSectionHeaderView.m in Sources */ = {isa = PBXBuildFile; fileRef = 18700D921F0A18A300F51FB4 /* ConfigSectionHeaderView.m */; };
		18700D9B1F0A18A300F51FB4 /* ConfigSectionHeaderView.xib in Resources */ = {isa = PBXBuildFile; fileRef = 18700D931F0A18A300F51FB4 /* ConfigSectionHeaderView.xib */; };
		A56862E02122743F00F4D56E /* LICENSE in Resources */ = {isa = PBXBuildFile; fileRef = A56862D82122743F00F4D56E /* LICENSE */; };
		A56862E12122743F00F4D56E /* README.md in Resources */ = {isa = PBXBuildFile; fileRef = A56862D92122743F00F4D56E /* README.md */; };
		A56862E22122743F00F4D56E /* NSObject+YYModel.m in Sources */ = {isa = PBXBuildFile; fileRef = A56862DD2122743F00F4D56E /* NSObject+YYModel.m */; };
		A56862E32122743F00F4D56E /* YYClassInfo.m in Sources */ = {isa = PBXBuildFile; fileRef = A56862DE2122743F00F4D56E /* YYClassInfo.m */; };
		A56862E62122806C00F4D56E /* BackgroundView.m in Sources */ = {isa = PBXBuildFile; fileRef = A56862E52122806C00F4D56E /* BackgroundView.m */; };
		A56862EC2122B8F800F4D56E /* CompareTableView.m in Sources */ = {isa = PBXBuildFile; fileRef = A56862EA2122B8F800F4D56E /* CompareTableView.m */; };
		A58069E2212AA1A6003F79CB /* ConfigCell.m in Sources */ = {isa = PBXBuildFile; fileRef = A58069E1212AA1A6003F79CB /* ConfigCell.m */; };
		A58069E4212AA1BC003F79CB /* ConfigCell.xib in Resources */ = {isa = PBXBuildFile; fileRef = A58069E3212AA1BC003F79CB /* ConfigCell.xib */; };
		A58069E8212AA52D003F79CB /* CompareItem.xib in Resources */ = {isa = PBXBuildFile; fileRef = A58069E7212AA52D003F79CB /* CompareItem.xib */; };
		A58069EB212AB232003F79CB /* CompareTableHeader.m in Sources */ = {isa = PBXBuildFile; fileRef = A58069EA212AB232003F79CB /* CompareTableHeader.m */; };
		A59237F021217ED40055A5B4 /* ConfigurationView.m in Sources */ = {isa = PBXBuildFile; fileRef = A59237EF21217ED40055A5B4 /* ConfigurationView.m */; };
		A59237F321217EEA0055A5B4 /* CompareDetailView.m in Sources */ = {isa = PBXBuildFile; fileRef = A59237F221217EEA0055A5B4 /* CompareDetailView.m */; };
		A59237FA21218BCD0055A5B4 /* CarModel.m in Sources */ = {isa = PBXBuildFile; fileRef = A59237F921218BCD0055A5B4 /* CarModel.m */; };
		A59237FC21218CFE0055A5B4 /* comparedata.json in Resources */ = {isa = PBXBuildFile; fileRef = A59237FB21218CFE0055A5B4 /* comparedata.json */; };
/* End PBXBuildFile section */

/* Begin PBXContainerItemProxy section */
		18700D721F09ED4100F51FB4 /* PBXContainerItemProxy */ = {
			isa = PBXContainerItemProxy;
			containerPortal = 18700D501F09ED4100F51FB4 /* Project object */;
			proxyType = 1;
			remoteGlobalIDString = 18700D571F09ED4100F51FB4;
			remoteInfo = UITableViewLInkageDemo;
		};
/* End PBXContainerItemProxy section */

/* Begin PBXFileReference section */
		18700D581F09ED4100F51FB4 /* UITableViewLInkageDemo.app */ = {isa = PBXFileReference; explicitFileType = wrapper.application; includeInIndex = 0; path = UITableViewLInkageDemo.app; sourceTree = BUILT_PRODUCTS_DIR; };
		18700D5C1F09ED4100F51FB4 /* main.m */ = {isa = PBXFileReference; lastKnownFileType = sourcecode.c.objc; path = main.m; sourceTree = "<group>"; };
		18700D651F09ED4100F51FB4 /* Base */ = {isa = PBXFileReference; lastKnownFileType = file.storyboard; name = Base; path = Base.lproj/Main.storyboard; sourceTree = "<group>"; };
		18700D671F09ED4100F51FB4 /* Assets.xcassets */ = {isa = PBXFileReference; lastKnownFileType = folder.assetcatalog; name = Assets.xcassets; path = ../../Assets.xcassets; sourceTree = "<group>"; };
		18700D6A1F09ED4100F51FB4 /* Base */ = {isa = PBXFileReference; lastKnownFileType = file.storyboard; name = Base; path = Base.lproj/LaunchScreen.storyboard; sourceTree = "<group>"; };
		18700D6C1F09ED4100F51FB4 /* Info.plist */ = {isa = PBXFileReference; lastKnownFileType = text.plist.xml; name = Info.plist; path = ../../Info.plist; sourceTree = "<group>"; };
		18700D711F09ED4100F51FB4 /* UITableViewLInkageDemoUITests.xctest */ = {isa = PBXFileReference; explicitFileType = wrapper.cfbundle; includeInIndex = 0; path = UITableViewLInkageDemoUITests.xctest; sourceTree = BUILT_PRODUCTS_DIR; };
		18700D751F09ED4100F51FB4 /* UITableViewLInkageDemoUITests.m */ = {isa = PBXFileReference; lastKnownFileType = sourcecode.c.objc; path = UITableViewLInkageDemoUITests.m; sourceTree = "<group>"; };
		18700D771F09ED4100F51FB4 /* Info.plist */ = {isa = PBXFileReference; lastKnownFileType = text.plist.xml; path = Info.plist; sourceTree = "<group>"; };
		18700D831F0A18A300F51FB4 /* ViewController.h */ = {isa = PBXFileReference; fileEncoding = 4; lastKnownFileType = sourcecode.c.h; path = ViewController.h; sourceTree = "<group>"; };
		18700D841F0A18A300F51FB4 /* ViewController.m */ = {isa = PBXFileReference; fileEncoding = 4; lastKnownFileType = sourcecode.c.objc; path = ViewController.m; sourceTree = "<group>"; };
		18700D871F0A18A300F51FB4 /* AppDelegate.h */ = {isa = PBXFileReference; fileEncoding = 4; lastKnownFileType = sourcecode.c.h; path = AppDelegate.h; sourceTree = "<group>"; };
		18700D881F0A18A300F51FB4 /* AppDelegate.m */ = {isa = PBXFileReference; fileEncoding = 4; lastKnownFileType = sourcecode.c.objc; path = AppDelegate.m; sourceTree = "<group>"; };
		18700D891F0A18A300F51FB4 /* Header.h */ = {isa = PBXFileReference; fileEncoding = 4; lastKnownFileType = sourcecode.c.h; path = Header.h; sourceTree = "<group>"; };
		18700D8B1F0A18A300F51FB4 /* CompareCell.h */ = {isa = PBXFileReference; fileEncoding = 4; lastKnownFileType = sourcecode.c.h; path = CompareCell.h; sourceTree = "<group>"; };
		18700D8C1F0A18A300F51FB4 /* CompareCell.m */ = {isa = PBXFileReference; fileEncoding = 4; lastKnownFileType = sourcecode.c.objc; path = CompareCell.m; sourceTree = "<group>"; };
		18700D8E1F0A18A300F51FB4 /* CompareHeaderView.h */ = {isa = PBXFileReference; fileEncoding = 4; lastKnownFileType = sourcecode.c.h; path = CompareHeaderView.h; sourceTree = "<group>"; };
		18700D8F1F0A18A300F51FB4 /* CompareHeaderView.m */ = {isa = PBXFileReference; fileEncoding = 4; lastKnownFileType = sourcecode.c.objc; path = CompareHeaderView.m; sourceTree = "<group>"; };
		18700D901F0A18A300F51FB4 /* CompareHeaderView.xib */ = {isa = PBXFileReference; fileEncoding = 4; lastKnownFileType = file.xib; path = CompareHeaderView.xib; sourceTree = "<group>"; };
		18700D911F0A18A300F51FB4 /* ConfigSectionHeaderView.h */ = {isa = PBXFileReference; fileEncoding = 4; lastKnownFileType = sourcecode.c.h; path = ConfigSectionHeaderView.h; sourceTree = "<group>"; };
		18700D921F0A18A300F51FB4 /* ConfigSectionHeaderView.m */ = {isa = PBXFileReference; fileEncoding = 4; lastKnownFileType = sourcecode.c.objc; path = ConfigSectionHeaderView.m; sourceTree = "<group>"; };
		18700D931F0A18A300F51FB4 /* ConfigSectionHeaderView.xib */ = {isa = PBXFileReference; fileEncoding = 4; lastKnownFileType = file.xib; path = ConfigSectionHeaderView.xib; sourceTree = "<group>"; };
		A56862D82122743F00F4D56E /* LICENSE */ = {isa = PBXFileReference; fileEncoding = 4; lastKnownFileType = text; path = LICENSE; sourceTree = "<group>"; };
		A56862D92122743F00F4D56E /* README.md */ = {isa = PBXFileReference; fileEncoding = 4; lastKnownFileType = net.daringfireball.markdown; path = README.md; sourceTree = "<group>"; };
		A56862DB2122743F00F4D56E /* YYClassInfo.h */ = {isa = PBXFileReference; fileEncoding = 4; lastKnownFileType = sourcecode.c.h; path = YYClassInfo.h; sourceTree = "<group>"; };
		A56862DC2122743F00F4D56E /* YYModel.h */ = {isa = PBXFileReference; fileEncoding = 4; lastKnownFileType = sourcecode.c.h; path = YYModel.h; sourceTree = "<group>"; };
		A56862DD2122743F00F4D56E /* NSObject+YYModel.m */ = {isa = PBXFileReference; fileEncoding = 4; lastKnownFileType = sourcecode.c.objc; path = "NSObject+YYModel.m"; sourceTree = "<group>"; };
		A56862DE2122743F00F4D56E /* YYClassInfo.m */ = {isa = PBXFileReference; fileEncoding = 4; lastKnownFileType = sourcecode.c.objc; path = YYClassInfo.m; sourceTree = "<group>"; };
		A56862DF2122743F00F4D56E /* NSObject+YYModel.h */ = {isa = PBXFileReference; fileEncoding = 4; lastKnownFileType = sourcecode.c.h; path = "NSObject+YYModel.h"; sourceTree = "<group>"; };
		A56862E42122806C00F4D56E /* BackgroundView.h */ = {isa = PBXFileReference; lastKnownFileType = sourcecode.c.h; path = BackgroundView.h; sourceTree = "<group>"; };
		A56862E52122806C00F4D56E /* BackgroundView.m */ = {isa = PBXFileReference; lastKnownFileType = sourcecode.c.objc; path = BackgroundView.m; sourceTree = "<group>"; };
		A56862E72122834D00F4D56E /* EScrollDelegate.h */ = {isa = PBXFileReference; lastKnownFileType = sourcecode.c.h; path = EScrollDelegate.h; sourceTree = "<group>"; };
		A56862EA2122B8F800F4D56E /* CompareTableView.m */ = {isa = PBXFileReference; fileEncoding = 4; lastKnownFileType = sourcecode.c.objc; path = CompareTableView.m; sourceTree = "<group>"; };
		A56862EB2122B8F800F4D56E /* CompareTableView.h */ = {isa = PBXFileReference; fileEncoding = 4; lastKnownFileType = sourcecode.c.h; path = CompareTableView.h; sourceTree = "<group>"; };
		A58069E0212AA1A6003F79CB /* ConfigCell.h */ = {isa = PBXFileReference; lastKnownFileType = sourcecode.c.h; path = ConfigCell.h; sourceTree = "<group>"; };
		A58069E1212AA1A6003F79CB /* ConfigCell.m */ = {isa = PBXFileReference; lastKnownFileType = sourcecode.c.objc; path = ConfigCell.m; sourceTree = "<group>"; };
		A58069E3212AA1BC003F79CB /* ConfigCell.xib */ = {isa = PBXFileReference; lastKnownFileType = file.xib; path = ConfigCell.xib; sourceTree = "<group>"; };
		A58069E7212AA52D003F79CB /* CompareItem.xib */ = {isa = PBXFileReference; lastKnownFileType = file.xib; path = CompareItem.xib; sourceTree = "<group>"; };
		A58069E9212AB232003F79CB /* CompareTableHeader.h */ = {isa = PBXFileReference; lastKnownFileType = sourcecode.c.h; path = CompareTableHeader.h; sourceTree = "<group>"; };
		A58069EA212AB232003F79CB /* CompareTableHeader.m */ = {isa = PBXFileReference; lastKnownFileType = sourcecode.c.objc; path = CompareTableHeader.m; sourceTree = "<group>"; };
		A59237EE21217ED40055A5B4 /* ConfigurationView.h */ = {isa = PBXFileReference; lastKnownFileType = sourcecode.c.h; path = ConfigurationView.h; sourceTree = "<group>"; };
		A59237EF21217ED40055A5B4 /* ConfigurationView.m */ = {isa = PBXFileReference; lastKnownFileType = sourcecode.c.objc; path = ConfigurationView.m; sourceTree = "<group>"; };
		A59237F121217EEA0055A5B4 /* CompareDetailView.h */ = {isa = PBXFileReference; lastKnownFileType = sourcecode.c.h; path = CompareDetailView.h; sourceTree = "<group>"; };
		A59237F221217EEA0055A5B4 /* CompareDetailView.m */ = {isa = PBXFileReference; lastKnownFileType = sourcecode.c.objc; path = CompareDetailView.m; sourceTree = "<group>"; };
		A59237F821218BCD0055A5B4 /* CarModel.h */ = {isa = PBXFileReference; lastKnownFileType = sourcecode.c.h; path = CarModel.h; sourceTree = "<group>"; };
		A59237F921218BCD0055A5B4 /* CarModel.m */ = {isa = PBXFileReference; lastKnownFileType = sourcecode.c.objc; path = CarModel.m; sourceTree = "<group>"; };
		A59237FB21218CFE0055A5B4 /* comparedata.json */ = {isa = PBXFileReference; fileEncoding = 4; lastKnownFileType = text.json; path = comparedata.json; sourceTree = "<group>"; };
/* End PBXFileReference section */

/* Begin PBXFrameworksBuildPhase section */
		18700D551F09ED4100F51FB4 /* Frameworks */ = {
			isa = PBXFrameworksBuildPhase;
			buildActionMask = 2147483647;
			files = (
			);
			runOnlyForDeploymentPostprocessing = 0;
		};
		18700D6E1F09ED4100F51FB4 /* Frameworks */ = {
			isa = PBXFrameworksBuildPhase;
			buildActionMask = 2147483647;
			files = (
			);
			runOnlyForDeploymentPostprocessing = 0;
		};
/* End PBXFrameworksBuildPhase section */

/* Begin PBXGroup section */
		18700D4F1F09ED4100F51FB4 = {
			isa = PBXGroup;
			children = (
				18700D5A1F09ED4100F51FB4 /* UITableViewLInkageDemo */,
				18700D741F09ED4100F51FB4 /* UITableViewLInkageDemoUITests */,
				18700D591F09ED4100F51FB4 /* Products */,
			);
			sourceTree = "<group>";
		};
		18700D591F09ED4100F51FB4 /* Products */ = {
			isa = PBXGroup;
			children = (
				18700D581F09ED4100F51FB4 /* UITableViewLInkageDemo.app */,
				18700D711F09ED4100F51FB4 /* UITableViewLInkageDemoUITests.xctest */,
			);
			name = Products;
			sourceTree = "<group>";
		};
		18700D5A1F09ED4100F51FB4 /* UITableViewLInkageDemo */ = {
			isa = PBXGroup;
			children = (
				18700D811F0A18A300F51FB4 /* Class */,
				18700D5B1F09ED4100F51FB4 /* Supporting Files */,
			);
			path = UITableViewLInkageDemo;
			sourceTree = "<group>";
		};
		18700D5B1F09ED4100F51FB4 /* Supporting Files */ = {
			isa = PBXGroup;
			children = (
				18700D5C1F09ED4100F51FB4 /* main.m */,
			);
			name = "Supporting Files";
			sourceTree = "<group>";
		};
		18700D741F09ED4100F51FB4 /* UITableViewLInkageDemoUITests */ = {
			isa = PBXGroup;
			children = (
				18700D751F09ED4100F51FB4 /* UITableViewLInkageDemoUITests.m */,
				18700D771F09ED4100F51FB4 /* Info.plist */,
			);
			path = UITableViewLInkageDemoUITests;
			sourceTree = "<group>";
		};
		18700D811F0A18A300F51FB4 /* Class */ = {
			isa = PBXGroup;
			children = (
				A56862D72122743F00F4D56E /* YYModel */,
				18700D821F0A18A300F51FB4 /* Controller */,
				A59237F721218BC10055A5B4 /* Model */,
				18700D8A1F0A18A300F51FB4 /* View */,
				18700D861F0A18A300F51FB4 /* Other */,
			);
			path = Class;
			sourceTree = "<group>";
		};
		18700D821F0A18A300F51FB4 /* Controller */ = {
			isa = PBXGroup;
			children = (
				18700D831F0A18A300F51FB4 /* ViewController.h */,
				18700D841F0A18A300F51FB4 /* ViewController.m */,
			);
			path = Controller;
			sourceTree = "<group>";
		};
		18700D861F0A18A300F51FB4 /* Other */ = {
			isa = PBXGroup;
			children = (
				A56862EB2122B8F800F4D56E /* CompareTableView.h */,
				A56862EA2122B8F800F4D56E /* CompareTableView.m */,
				A56862E72122834D00F4D56E /* EScrollDelegate.h */,
				A59237FB21218CFE0055A5B4 /* comparedata.json */,
				18700D641F09ED4100F51FB4 /* Main.storyboard */,
				18700D671F09ED4100F51FB4 /* Assets.xcassets */,
				18700D691F09ED4100F51FB4 /* LaunchScreen.storyboard */,
				18700D6C1F09ED4100F51FB4 /* Info.plist */,
				18700D871F0A18A300F51FB4 /* AppDelegate.h */,
				18700D881F0A18A300F51FB4 /* AppDelegate.m */,
				18700D891F0A18A300F51FB4 /* Header.h */,
			);
			path = Other;
			sourceTree = "<group>";
		};
		18700D8A1F0A18A300F51FB4 /* View */ = {
			isa = PBXGroup;
			children = (
				18700D8E1F0A18A300F51FB4 /* CompareHeaderView.h */,
				18700D8F1F0A18A300F51FB4 /* CompareHeaderView.m */,
				18700D901F0A18A300F51FB4 /* CompareHeaderView.xib */,
				A56862E82122875E00F4D56E /* Configuration */,
				A56862E92122876E00F4D56E /* CompareDetail */,
			);
			path = View;
			sourceTree = "<group>";
		};
		A56862D72122743F00F4D56E /* YYModel */ = {
			isa = PBXGroup;
			children = (
				A56862D82122743F00F4D56E /* LICENSE */,
				A56862D92122743F00F4D56E /* README.md */,
				A56862DA2122743F00F4D56E /* YYModel */,
			);
			path = YYModel;
			sourceTree = "<group>";
		};
		A56862DA2122743F00F4D56E /* YYModel */ = {
			isa = PBXGroup;
			children = (
				A56862DB2122743F00F4D56E /* YYClassInfo.h */,
				A56862DC2122743F00F4D56E /* YYModel.h */,
				A56862DD2122743F00F4D56E /* NSObject+YYModel.m */,
				A56862DE2122743F00F4D56E /* YYClassInfo.m */,
				A56862DF2122743F00F4D56E /* NSObject+YYModel.h */,
			);
			path = YYModel;
			sourceTree = "<group>";
		};
		A56862E82122875E00F4D56E /* Configuration */ = {
			isa = PBXGroup;
			children = (
				A56862E42122806C00F4D56E /* BackgroundView.h */,
				A56862E52122806C00F4D56E /* BackgroundView.m */,
				A59237EE21217ED40055A5B4 /* ConfigurationView.h */,
				A59237EF21217ED40055A5B4 /* ConfigurationView.m */,
				A58069E0212AA1A6003F79CB /* ConfigCell.h */,
				A58069E1212AA1A6003F79CB /* ConfigCell.m */,
				A58069E3212AA1BC003F79CB /* ConfigCell.xib */,
				18700D911F0A18A300F51FB4 /* ConfigSectionHeaderView.h */,
				18700D921F0A18A300F51FB4 /* ConfigSectionHeaderView.m */,
				18700D931F0A18A300F51FB4 /* ConfigSectionHeaderView.xib */,
			);
			path = Configuration;
			sourceTree = "<group>";
		};
		A56862E92122876E00F4D56E /* CompareDetail */ = {
			isa = PBXGroup;
			children = (
				A59237F121217EEA0055A5B4 /* CompareDetailView.h */,
				A59237F221217EEA0055A5B4 /* CompareDetailView.m */,
				A58069E9212AB232003F79CB /* CompareTableHeader.h */,
				A58069EA212AB232003F79CB /* CompareTableHeader.m */,
				18700D8B1F0A18A300F51FB4 /* CompareCell.h */,
				18700D8C1F0A18A300F51FB4 /* CompareCell.m */,
				A58069E7212AA52D003F79CB /* CompareItem.xib */,
			);
			path = CompareDetail;
			sourceTree = "<group>";
		};
		A59237F721218BC10055A5B4 /* Model */ = {
			isa = PBXGroup;
			children = (
				A59237F821218BCD0055A5B4 /* CarModel.h */,
				A59237F921218BCD0055A5B4 /* CarModel.m */,
			);
			path = Model;
			sourceTree = "<group>";
		};
/* End PBXGroup section */

/* Begin PBXNativeTarget section */
		18700D571F09ED4100F51FB4 /* UITableViewLInkageDemo */ = {
			isa = PBXNativeTarget;
			buildConfigurationList = 18700D7A1F09ED4100F51FB4 /* Build configuration list for PBXNativeTarget "UITableViewLInkageDemo" */;
			buildPhases = (
				18700D541F09ED4100F51FB4 /* Sources */,
				18700D551F09ED4100F51FB4 /* Frameworks */,
				18700D561F09ED4100F51FB4 /* Resources */,
			);
			buildRules = (
			);
			dependencies = (
			);
			name = UITableViewLInkageDemo;
			productName = UITableViewLInkageDemo;
			productReference = 18700D581F09ED4100F51FB4 /* UITableViewLInkageDemo.app */;
			productType = "com.apple.product-type.application";
		};
		18700D701F09ED4100F51FB4 /* UITableViewLInkageDemoUITests */ = {
			isa = PBXNativeTarget;
			buildConfigurationList = 18700D7D1F09ED4100F51FB4 /* Build configuration list for PBXNativeTarget "UITableViewLInkageDemoUITests" */;
			buildPhases = (
				18700D6D1F09ED4100F51FB4 /* Sources */,
				18700D6E1F09ED4100F51FB4 /* Frameworks */,
				18700D6F1F09ED4100F51FB4 /* Resources */,
			);
			buildRules = (
			);
			dependencies = (
				18700D731F09ED4100F51FB4 /* PBXTargetDependency */,
			);
			name = UITableViewLInkageDemoUITests;
			productName = UITableViewLInkageDemoUITests;
			productReference = 18700D711F09ED4100F51FB4 /* UITableViewLInkageDemoUITests.xctest */;
			productType = "com.apple.product-type.bundle.ui-testing";
		};
/* End PBXNativeTarget section */

/* Begin PBXProject section */
		18700D501F09ED4100F51FB4 /* Project object */ = {
			isa = PBXProject;
			attributes = {
				LastUpgradeCheck = 0830;
				ORGANIZATIONNAME = Hawk;
				TargetAttributes = {
					18700D571F09ED4100F51FB4 = {
						CreatedOnToolsVersion = 8.3.2;
						ProvisioningStyle = Automatic;
					};
					18700D701F09ED4100F51FB4 = {
						CreatedOnToolsVersion = 8.3.2;
						ProvisioningStyle = Automatic;
						TestTargetID = 18700D571F09ED4100F51FB4;
					};
				};
			};
			buildConfigurationList = 18700D531F09ED4100F51FB4 /* Build configuration list for PBXProject "UITableViewLInkageDemo" */;
			compatibilityVersion = "Xcode 3.2";
			developmentRegion = English;
			hasScannedForEncodings = 0;
			knownRegions = (
				en,
				Base,
			);
			mainGroup = 18700D4F1F09ED4100F51FB4;
			productRefGroup = 18700D591F09ED4100F51FB4 /* Products */;
			projectDirPath = "";
			projectRoot = "";
			targets = (
				18700D571F09ED4100F51FB4 /* UITableViewLInkageDemo */,
				18700D701F09ED4100F51FB4 /* UITableViewLInkageDemoUITests */,
			);
		};
/* End PBXProject section */

/* Begin PBXResourcesBuildPhase section */
		18700D561F09ED4100F51FB4 /* Resources */ = {
			isa = PBXResourcesBuildPhase;
			buildActionMask = 2147483647;
			files = (
				18700D991F0A18A300F51FB4 /* CompareHeaderView.xib in Resources */,
				18700D9B1F0A18A300F51FB4 /* ConfigSectionHeaderView.xib in Resources */,
				A56862E02122743F00F4D56E /* LICENSE in Resources */,
				A58069E8212AA52D003F79CB /* CompareItem.xib in Resources */,
				18700D6B1F09ED4100F51FB4 /* LaunchScreen.storyboard in Resources */,
				18700D681F09ED4100F51FB4 /* Assets.xcassets in Resources */,
				A59237FC21218CFE0055A5B4 /* comparedata.json in Resources */,
				A56862E12122743F00F4D56E /* README.md in Resources */,
				18700D661F09ED4100F51FB4 /* Main.storyboard in Resources */,
				A58069E4212AA1BC003F79CB /* ConfigCell.xib in Resources */,
			);
			runOnlyForDeploymentPostprocessing = 0;
		};
		18700D6F1F09ED4100F51FB4 /* Resources */ = {
			isa = PBXResourcesBuildPhase;
			buildActionMask = 2147483647;
			files = (
			);
			runOnlyForDeploymentPostprocessing = 0;
		};
/* End PBXResourcesBuildPhase section */

/* Begin PBXSourcesBuildPhase section */
		18700D541F09ED4100F51FB4 /* Sources */ = {
			isa = PBXSourcesBuildPhase;
			buildActionMask = 2147483647;
			files = (
				A58069EB212AB232003F79CB /* CompareTableHeader.m in Sources */,
				A56862E62122806C00F4D56E /* BackgroundView.m in Sources */,
				18700D941F0A18A300F51FB4 /* ViewController.m in Sources */,
				A58069E2212AA1A6003F79CB /* ConfigCell.m in Sources */,
				A59237F021217ED40055A5B4 /* ConfigurationView.m in Sources */,
				18700D9A1F0A18A300F51FB4 /* ConfigSectionHeaderView.m in Sources */,
				A56862E22122743F00F4D56E /* NSObject+YYModel.m in Sources */,
				A56862EC2122B8F800F4D56E /* CompareTableView.m in Sources */,
				A59237F321217EEA0055A5B4 /* CompareDetailView.m in Sources */,
				18700D5D1F09ED4100F51FB4 /* main.m in Sources */,
				18700D981F0A18A300F51FB4 /* CompareHeaderView.m in Sources */,
				18700D951F0A18A300F51FB4 /* AppDelegate.m in Sources */,
				A56862E32122743F00F4D56E /* YYClassInfo.m in Sources */,
				A59237FA21218BCD0055A5B4 /* CarModel.m in Sources */,
				18700D961F0A18A300F51FB4 /* CompareCell.m in Sources */,
			);
			runOnlyForDeploymentPostprocessing = 0;
		};
		18700D6D1F09ED4100F51FB4 /* Sources */ = {
			isa = PBXSourcesBuildPhase;
			buildActionMask = 2147483647;
			files = (
				18700D761F09ED4100F51FB4 /* UITableViewLInkageDemoUITests.m in Sources */,
			);
			runOnlyForDeploymentPostprocessing = 0;
		};
/* End PBXSourcesBuildPhase section */

/* Begin PBXTargetDependency section */
		18700D731F09ED4100F51FB4 /* PBXTargetDependency */ = {
			isa = PBXTargetDependency;
			target = 18700D571F09ED4100F51FB4 /* UITableViewLInkageDemo */;
			targetProxy = 18700D721F09ED4100F51FB4 /* PBXContainerItemProxy */;
		};
/* End PBXTargetDependency section */

/* Begin PBXVariantGroup section */
		18700D641F09ED4100F51FB4 /* Main.storyboard */ = {
			isa = PBXVariantGroup;
			children = (
				18700D651F09ED4100F51FB4 /* Base */,
			);
			name = Main.storyboard;
			path = ../..;
			sourceTree = "<group>";
		};
		18700D691F09ED4100F51FB4 /* LaunchScreen.storyboard */ = {
			isa = PBXVariantGroup;
			children = (
				18700D6A1F09ED4100F51FB4 /* Base */,
			);
			name = LaunchScreen.storyboard;
			path = ../..;
			sourceTree = "<group>";
		};
/* End PBXVariantGroup section */

/* Begin XCBuildConfiguration section */
		18700D781F09ED4100F51FB4 /* Debug */ = {
			isa = XCBuildConfiguration;
			buildSettings = {
				ALWAYS_SEARCH_USER_PATHS = NO;
				CLANG_ANALYZER_NONNULL = YES;
				CLANG_ANALYZER_NUMBER_OBJECT_CONVERSION = YES_AGGRESSIVE;
				CLANG_CXX_LANGUAGE_STANDARD = "gnu++0x";
				CLANG_CXX_LIBRARY = "libc++";
				CLANG_ENABLE_MODULES = YES;
				CLANG_ENABLE_OBJC_ARC = YES;
				CLANG_WARN_BOOL_CONVERSION = YES;
				CLANG_WARN_CONSTANT_CONVERSION = YES;
				CLANG_WARN_DIRECT_OBJC_ISA_USAGE = YES_ERROR;
				CLANG_WARN_DOCUMENTATION_COMMENTS = YES;
				CLANG_WARN_EMPTY_BODY = YES;
				CLANG_WARN_ENUM_CONVERSION = YES;
				CLANG_WARN_INFINITE_RECURSION = YES;
				CLANG_WARN_INT_CONVERSION = YES;
				CLANG_WARN_OBJC_ROOT_CLASS = YES_ERROR;
				CLANG_WARN_SUSPICIOUS_MOVE = YES;
				CLANG_WARN_UNREACHABLE_CODE = YES;
				CLANG_WARN__DUPLICATE_METHOD_MATCH = YES;
				"CODE_SIGN_IDENTITY[sdk=iphoneos*]" = "iPhone Developer";
				COPY_PHASE_STRIP = NO;
				DEBUG_INFORMATION_FORMAT = dwarf;
				ENABLE_STRICT_OBJC_MSGSEND = YES;
				ENABLE_TESTABILITY = YES;
				GCC_C_LANGUAGE_STANDARD = gnu99;
				GCC_DYNAMIC_NO_PIC = NO;
				GCC_NO_COMMON_BLOCKS = YES;
				GCC_OPTIMIZATION_LEVEL = 0;
				GCC_PREPROCESSOR_DEFINITIONS = (
					"DEBUG=1",
					"$(inherited)",
				);
				GCC_WARN_64_TO_32_BIT_CONVERSION = YES;
				GCC_WARN_ABOUT_RETURN_TYPE = YES_ERROR;
				GCC_WARN_UNDECLARED_SELECTOR = YES;
				GCC_WARN_UNINITIALIZED_AUTOS = YES_AGGRESSIVE;
				GCC_WARN_UNUSED_FUNCTION = YES;
				GCC_WARN_UNUSED_VARIABLE = YES;
				IPHONEOS_DEPLOYMENT_TARGET = 10.3;
				MTL_ENABLE_DEBUG_INFO = YES;
				ONLY_ACTIVE_ARCH = YES;
				SDKROOT = iphoneos;
				TARGETED_DEVICE_FAMILY = "1,2";
			};
			name = Debug;
		};
		18700D791F09ED4100F51FB4 /* Release */ = {
			isa = XCBuildConfiguration;
			buildSettings = {
				ALWAYS_SEARCH_USER_PATHS = NO;
				CLANG_ANALYZER_NONNULL = YES;
				CLANG_ANALYZER_NUMBER_OBJECT_CONVERSION = YES_AGGRESSIVE;
				CLANG_CXX_LANGUAGE_STANDARD = "gnu++0x";
				CLANG_CXX_LIBRARY = "libc++";
				CLANG_ENABLE_MODULES = YES;
				CLANG_ENABLE_OBJC_ARC = YES;
				CLANG_WARN_BOOL_CONVERSION = YES;
				CLANG_WARN_CONSTANT_CONVERSION = YES;
				CLANG_WARN_DIRECT_OBJC_ISA_USAGE = YES_ERROR;
				CLANG_WARN_DOCUMENTATION_COMMENTS = YES;
				CLANG_WARN_EMPTY_BODY = YES;
				CLANG_WARN_ENUM_CONVERSION = YES;
				CLANG_WARN_INFINITE_RECURSION = YES;
				CLANG_WARN_INT_CONVERSION = YES;
				CLANG_WARN_OBJC_ROOT_CLASS = YES_ERROR;
				CLANG_WARN_SUSPICIOUS_MOVE = YES;
				CLANG_WARN_UNREACHABLE_CODE = YES;
				CLANG_WARN__DUPLICATE_METHOD_MATCH = YES;
				"CODE_SIGN_IDENTITY[sdk=iphoneos*]" = "iPhone Developer";
				COPY_PHASE_STRIP = NO;
				DEBUG_INFORMATION_FORMAT = "dwarf-with-dsym";
				ENABLE_NS_ASSERTIONS = NO;
				ENABLE_STRICT_OBJC_MSGSEND = YES;
				GCC_C_LANGUAGE_STANDARD = gnu99;
				GCC_NO_COMMON_BLOCKS = YES;
				GCC_WARN_64_TO_32_BIT_CONVERSION = YES;
				GCC_WARN_ABOUT_RETURN_TYPE = YES_ERROR;
				GCC_WARN_UNDECLARED_SELECTOR = YES;
				GCC_WARN_UNINITIALIZED_AUTOS = YES_AGGRESSIVE;
				GCC_WARN_UNUSED_FUNCTION = YES;
				GCC_WARN_UNUSED_VARIABLE = YES;
				IPHONEOS_DEPLOYMENT_TARGET = 10.3;
				MTL_ENABLE_DEBUG_INFO = NO;
				SDKROOT = iphoneos;
				TARGETED_DEVICE_FAMILY = "1,2";
				VALIDATE_PRODUCT = YES;
			};
			name = Release;
		};
		18700D7B1F09ED4100F51FB4 /* Debug */ = {
			isa = XCBuildConfiguration;
			buildSettings = {
				ASSETCATALOG_COMPILER_APPICON_NAME = AppIcon;
				GCC_PREFIX_HEADER = "";
				INFOPLIST_FILE = UITableViewLInkageDemo/Info.plist;
				IPHONEOS_DEPLOYMENT_TARGET = 10.0;
				LD_RUNPATH_SEARCH_PATHS = "$(inherited) @executable_path/Frameworks";
				PRODUCT_BUNDLE_IDENTIFIER = com.eleven.UITableViewLInkageDemo;
				PRODUCT_NAME = "$(TARGET_NAME)";
			};
			name = Debug;
		};
		18700D7C1F09ED4100F51FB4 /* Release */ = {
			isa = XCBuildConfiguration;
			buildSettings = {
				ASSETCATALOG_COMPILER_APPICON_NAME = AppIcon;
				GCC_PREFIX_HEADER = "";
				INFOPLIST_FILE = UITableViewLInkageDemo/Info.plist;
				IPHONEOS_DEPLOYMENT_TARGET = 10.0;
				LD_RUNPATH_SEARCH_PATHS = "$(inherited) @executable_path/Frameworks";
				PRODUCT_BUNDLE_IDENTIFIER = com.eleven.UITableViewLInkageDemo;
				PRODUCT_NAME = "$(TARGET_NAME)";
			};
			name = Release;
		};
		18700D7E1F09ED4100F51FB4 /* Debug */ = {
			isa = XCBuildConfiguration;
			buildSettings = {
				INFOPLIST_FILE = UITableViewLInkageDemoUITests/Info.plist;
				LD_RUNPATH_SEARCH_PATHS = "$(inherited) @executable_path/Frameworks @loader_path/Frameworks";
				PRODUCT_BUNDLE_IDENTIFIER = com.eleven.UITableViewLInkageDemoUITests;
				PRODUCT_NAME = "$(TARGET_NAME)";
				TEST_TARGET_NAME = UITableViewLInkageDemo;
			};
			name = Debug;
		};
		18700D7F1F09ED4100F51FB4 /* Release */ = {
			isa = XCBuildConfiguration;
			buildSettings = {
				INFOPLIST_FILE = UITableViewLInkageDemoUITests/Info.plist;
				LD_RUNPATH_SEARCH_PATHS = "$(inherited) @executable_path/Frameworks @loader_path/Frameworks";
				PRODUCT_BUNDLE_IDENTIFIER = com.eleven.UITableViewLInkageDemoUITests;
				PRODUCT_NAME = "$(TARGET_NAME)";
				TEST_TARGET_NAME = UITableViewLInkageDemo;
			};
			name = Release;
		};
/* End XCBuildConfiguration section */

/* Begin XCConfigurationList section */
		18700D531F09ED4100F51FB4 /* Build configuration list for PBXProject "UITableViewLInkageDemo" */ = {
			isa = XCConfigurationList;
			buildConfigurations = (
				18700D781F09ED4100F51FB4 /* Debug */,
				18700D791F09ED4100F51FB4 /* Release */,
			);
			defaultConfigurationIsVisible = 0;
			defaultConfigurationName = Release;
		};
		18700D7A1F09ED4100F51FB4 /* Build configuration list for PBXNativeTarget "UITableViewLInkageDemo" */ = {
			isa = XCConfigurationList;
			buildConfigurations = (
				18700D7B1F09ED4100F51FB4 /* Debug */,
				18700D7C1F09ED4100F51FB4 /* Release */,
			);
			defaultConfigurationIsVisible = 0;
			defaultConfigurationName = Release;
		};
		18700D7D1F09ED4100F51FB4 /* Build configuration list for PBXNativeTarget "UITableViewLInkageDemoUITests" */ = {
			isa = XCConfigurationList;
			buildConfigurations = (
				18700D7E1F09ED4100F51FB4 /* Debug */,
				18700D7F1F09ED4100F51FB4 /* Release */,
			);
			defaultConfigurationIsVisible = 0;
			defaultConfigurationName = Release;
		};
/* End XCConfigurationList section */
	};
	rootObject = 18700D501F09ED4100F51FB4 /* Project object */;
}
